
Microsoft Visual Studio Solution File, Format Version 12.00
# Visual Studio Version 17
VisualStudioVersion = 17.8.34309.116
MinimumVisualStudioVersion = 10.0.40219.1
Project("{FAE04EC0-301F-11D3-BF4B-00C04F79EFBC}") = "SalesWebMvc", "SalesWebMvc\SalesWebMvc.csproj", "{29443E35-5608-4BAD-AD6C-8470DB374856}"
EndProject
Global
	GlobalSection(SolutionConfigurationPlatforms) = preSolution
		Debug|Any CPU = Debug|Any CPU
		Release|Any CPU = Release|Any CPU
	EndGlobalSection
	GlobalSection(ProjectConfigurationPlatforms) = postSolution
		{29443E35-5608-4BAD-AD6C-8470DB374856}.Debug|Any CPU.ActiveCfg = Debug|Any CPU
		{29443E35-5608-4BAD-AD6C-8470DB374856}.Debug|Any CPU.Build.0 = Debug|Any CPU
		{29443E35-5608-4BAD-AD6C-8470DB374856}.Release|Any CPU.ActiveCfg = Release|Any CPU
		{29443E35-5608-4BAD-AD6C-8470DB374856}.Release|Any CPU.Build.0 = Release|Any CPU
	EndGlobalSection
	GlobalSection(SolutionProperties) = preSolution
		HideSolutionNode = FALSE
	EndGlobalSection
	GlobalSection(ExtensibilityGlobals) = postSolution
		SolutionGuid = {96A38490-CAEF-481F-A5D3-28611ADB2319}
	EndGlobalSection
EndGlobal
